
Microsoft Visual Studio Solution File, Format Version 12.00
# Visual Studio Version 17
VisualStudioVersion = 17.4.33205.214
MinimumVisualStudioVersion = 10.0.40219.1
Project("{FAE04EC0-301F-11D3-BF4B-00C04F79EFBC}") = "RegistaPackets.Comman", "RegistaPackets.Comman\RegistaPackets.Comman.csproj", "{886616E2-E11D-4293-9E54-1143AB8103D6}"
EndProject
Global
	GlobalSection(SolutionConfigurationPlatforms) = preSolution
		Debug|Any CPU = Debug|Any CPU
		Release|Any CPU = Release|Any CPU
	EndGlobalSection
	GlobalSection(ProjectConfigurationPlatforms) = postSolution
		{886616E2-E11D-4293-9E54-1143AB8103D6}.Debug|Any CPU.ActiveCfg = Debug|Any CPU
		{886616E2-E11D-4293-9E54-1143AB8103D6}.Debug|Any CPU.Build.0 = Debug|Any CPU
		{886616E2-E11D-4293-9E54-1143AB8103D6}.Release|Any CPU.ActiveCfg = Release|Any CPU
		{886616E2-E11D-4293-9E54-1143AB8103D6}.Release|Any CPU.Build.0 = Release|Any CPU
	EndGlobalSection
	GlobalSection(SolutionProperties) = preSolution
		HideSolutionNode = FALSE
	EndGlobalSection
	GlobalSection(ExtensibilityGlobals) = postSolution
		SolutionGuid = {0DD0D2CE-A89D-4D78-AEB1-DD1AD41A81E4}
	EndGlobalSection
EndGlobal
